// !$*UTF8*$!
{
	archiveVersion = 1;
	classes = {
	};
	objectVersion = 50;
	objects = {

/* Begin PBXBuildFile section */
		0A1B0370FF46ACEEE3E25DE3 /* Pods_VDO.framework in Frameworks */ = {isa = PBXBuildFile; fileRef = 953E4F4DBE828C7C555BC913 /* Pods_VDO.framework */; };
		7302ABC92276C7AA0050D292 /* User.swift in Sources */ = {isa = PBXBuildFile; fileRef = 7302ABC82276C7AA0050D292 /* User.swift */; };
		7303B466227E1AA100030DB8 /* Comment.swift in Sources */ = {isa = PBXBuildFile; fileRef = 7303B465227E1AA100030DB8 /* Comment.swift */; };
		7303B468227E1DC900030DB8 /* VideoViewController.swift in Sources */ = {isa = PBXBuildFile; fileRef = 7303B467227E1DC900030DB8 /* VideoViewController.swift */; };
		7310FB502273FDA600941746 /* API.swift in Sources */ = {isa = PBXBuildFile; fileRef = 7310FB4F2273FDA600941746 /* API.swift */; };
		7310FB5222740D8100941746 /* AVFoundation.framework in Frameworks */ = {isa = PBXBuildFile; fileRef = 7310FB5122740D8100941746 /* AVFoundation.framework */; };
		7310FB55227414FC00941746 /* UploadViewController.swift in Sources */ = {isa = PBXBuildFile; fileRef = 7310FB54227414FC00941746 /* UploadViewController.swift */; };
		732988CB2285E9E6004C0949 /* VideoPreviewCell.swift in Sources */ = {isa = PBXBuildFile; fileRef = 732988CA2285E9E6004C0949 /* VideoPreviewCell.swift */; };
		73300A6C2276CA43003FB82D /* Video.swift in Sources */ = {isa = PBXBuildFile; fileRef = 73300A6B2276CA43003FB82D /* Video.swift */; };
		73300A6E22776490003FB82D /* Album.swift in Sources */ = {isa = PBXBuildFile; fileRef = 73300A6D22776490003FB82D /* Album.swift */; };
		73308DDD228971E500CF55DD /* AlbumViewController.swift in Sources */ = {isa = PBXBuildFile; fileRef = 73308DDC228971E500CF55DD /* AlbumViewController.swift */; };
		73308DDF228979E500CF55DD /* MyAlbumsViewController.swift in Sources */ = {isa = PBXBuildFile; fileRef = 73308DDE228979E500CF55DD /* MyAlbumsViewController.swift */; };
		733425C0222FC5CA009B3207 /* AppDelegate.swift in Sources */ = {isa = PBXBuildFile; fileRef = 733425BF222FC5CA009B3207 /* AppDelegate.swift */; };
		733425C2222FC5CA009B3207 /* LandingViewController.swift in Sources */ = {isa = PBXBuildFile; fileRef = 733425C1222FC5CA009B3207 /* LandingViewController.swift */; };
		733425C5222FC5CA009B3207 /* Main.storyboard in Resources */ = {isa = PBXBuildFile; fileRef = 733425C3222FC5CA009B3207 /* Main.storyboard */; };
		733425C7222FC5CB009B3207 /* Assets.xcassets in Resources */ = {isa = PBXBuildFile; fileRef = 733425C6222FC5CB009B3207 /* Assets.xcassets */; };
		733425CA222FC5CB009B3207 /* LaunchScreen.storyboard in Resources */ = {isa = PBXBuildFile; fileRef = 733425C8222FC5CB009B3207 /* LaunchScreen.storyboard */; };
		733425D5222FC5CB009B3207 /* VDOTests.swift in Sources */ = {isa = PBXBuildFile; fileRef = 733425D4222FC5CB009B3207 /* VDOTests.swift */; };
		733425E0222FC5CB009B3207 /* VDOUITests.swift in Sources */ = {isa = PBXBuildFile; fileRef = 733425DF222FC5CB009B3207 /* VDOUITests.swift */; };
		7365FCB122307545003A0366 /* GoogleService-Info.plist in Resources */ = {isa = PBXBuildFile; fileRef = 7365FCB022307545003A0366 /* GoogleService-Info.plist */; };
		7365FCB222307545003A0366 /* GoogleService-Info.plist in Resources */ = {isa = PBXBuildFile; fileRef = 7365FCB022307545003A0366 /* GoogleService-Info.plist */; };
		7365FCB322307545003A0366 /* GoogleService-Info.plist in Resources */ = {isa = PBXBuildFile; fileRef = 7365FCB022307545003A0366 /* GoogleService-Info.plist */; };
		736BEE1E2285339C0015C106 /* CommentViewCell.swift in Sources */ = {isa = PBXBuildFile; fileRef = 736BEE1D2285339C0015C106 /* CommentViewCell.swift */; };
		7390E6382288B77400369ED1 /* SharedAlbumsViewController.swift in Sources */ = {isa = PBXBuildFile; fileRef = 7390E6372288B77400369ED1 /* SharedAlbumsViewController.swift */; };
		7390E63B2288F1C600369ED1 /* VideoInfoController.swift in Sources */ = {isa = PBXBuildFile; fileRef = 7390E63A2288F1C600369ED1 /* VideoInfoController.swift */; };
		7390E63D2288F1DF00369ED1 /* VideoEditController.swift in Sources */ = {isa = PBXBuildFile; fileRef = 7390E63C2288F1DF00369ED1 /* VideoEditController.swift */; };
		73969F6422873F1A00D08DE4 /* Extensions.swift in Sources */ = {isa = PBXBuildFile; fileRef = 73969F6322873F1A00D08DE4 /* Extensions.swift */; };
		73969F662287A67E00D08DE4 /* MenuViewController.swift in Sources */ = {isa = PBXBuildFile; fileRef = 73969F652287A67E00D08DE4 /* MenuViewController.swift */; };
		739819A222489D6900C74DE0 /* SignUpViewController.swift in Sources */ = {isa = PBXBuildFile; fileRef = 739819A122489D6900C74DE0 /* SignUpViewController.swift */; };
		73F153E7225DDCE600802F57 /* HomeViewController.swift in Sources */ = {isa = PBXBuildFile; fileRef = 73F153E6225DDCE600802F57 /* HomeViewController.swift */; };
		BEFC5D9BAF91F903F6813B35 /* Pods_VDOTests.framework in Frameworks */ = {isa = PBXBuildFile; fileRef = C7675252B136194613B911AC /* Pods_VDOTests.framework */; };
		C90C60F13CE235D179FF4297 /* Pods_VDOUITests.framework in Frameworks */ = {isa = PBXBuildFile; fileRef = AFF957D1A0D163143EDD764C /* Pods_VDOUITests.framework */; };
/* End PBXBuildFile section */

/* Begin PBXContainerItemProxy section */
		733425D1222FC5CB009B3207 /* PBXContainerItemProxy */ = {
			isa = PBXContainerItemProxy;
			containerPortal = 733425B4222FC5CA009B3207 /* Project object */;
			proxyType = 1;
			remoteGlobalIDString = 733425BB222FC5CA009B3207;
			remoteInfo = VDO;
		};
		733425DC222FC5CB009B3207 /* PBXContainerItemProxy */ = {
			isa = PBXContainerItemProxy;
			containerPortal = 733425B4222FC5CA009B3207 /* Project object */;
			proxyType = 1;
			remoteGlobalIDString = 733425BB222FC5CA009B3207;
			remoteInfo = VDO;
		};
/* End PBXContainerItemProxy section */

/* Begin PBXFileReference section */
		062245B8CE842D99A48A4BC8 /* Pods-VDOTests.debug.xcconfig */ = {isa = PBXFileReference; includeInIndex = 1; lastKnownFileType = text.xcconfig; name = "Pods-VDOTests.debug.xcconfig"; path = "Target Support Files/Pods-VDOTests/Pods-VDOTests.debug.xcconfig"; sourceTree = "<group>"; };
		6AC43DDA9FCBD28A7022AD16 /* Pods-VDO.release.xcconfig */ = {isa = PBXFileReference; includeInIndex = 1; lastKnownFileType = text.xcconfig; name = "Pods-VDO.release.xcconfig"; path = "Target Support Files/Pods-VDO/Pods-VDO.release.xcconfig"; sourceTree = "<group>"; };
		6ADE7FF8129130A440B0B29C /* Pods-VDOUITests.release.xcconfig */ = {isa = PBXFileReference; includeInIndex = 1; lastKnownFileType = text.xcconfig; name = "Pods-VDOUITests.release.xcconfig"; path = "Target Support Files/Pods-VDOUITests/Pods-VDOUITests.release.xcconfig"; sourceTree = "<group>"; };
		6F128E7F4B0B4E52D813295D /* Pods-VDOUITests.debug.xcconfig */ = {isa = PBXFileReference; includeInIndex = 1; lastKnownFileType = text.xcconfig; name = "Pods-VDOUITests.debug.xcconfig"; path = "Target Support Files/Pods-VDOUITests/Pods-VDOUITests.debug.xcconfig"; sourceTree = "<group>"; };
		7302ABC82276C7AA0050D292 /* User.swift */ = {isa = PBXFileReference; lastKnownFileType = sourcecode.swift; path = User.swift; sourceTree = "<group>"; };
		7303B465227E1AA100030DB8 /* Comment.swift */ = {isa = PBXFileReference; lastKnownFileType = sourcecode.swift; path = Comment.swift; sourceTree = "<group>"; };
		7303B467227E1DC900030DB8 /* VideoViewController.swift */ = {isa = PBXFileReference; lastKnownFileType = sourcecode.swift; path = VideoViewController.swift; sourceTree = "<group>"; };
		7310FB4F2273FDA600941746 /* API.swift */ = {isa = PBXFileReference; lastKnownFileType = sourcecode.swift; path = API.swift; sourceTree = "<group>"; };
		7310FB5122740D8100941746 /* AVFoundation.framework */ = {isa = PBXFileReference; lastKnownFileType = wrapper.framework; name = AVFoundation.framework; path = System/Library/Frameworks/AVFoundation.framework; sourceTree = SDKROOT; };
		7310FB54227414FC00941746 /* UploadViewController.swift */ = {isa = PBXFileReference; lastKnownFileType = sourcecode.swift; path = UploadViewController.swift; sourceTree = "<group>"; };
		732988CA2285E9E6004C0949 /* VideoPreviewCell.swift */ = {isa = PBXFileReference; lastKnownFileType = sourcecode.swift; path = VideoPreviewCell.swift; sourceTree = "<group>"; };
		73300A6B2276CA43003FB82D /* Video.swift */ = {isa = PBXFileReference; lastKnownFileType = sourcecode.swift; path = Video.swift; sourceTree = "<group>"; };
		73300A6D22776490003FB82D /* Album.swift */ = {isa = PBXFileReference; lastKnownFileType = sourcecode.swift; path = Album.swift; sourceTree = "<group>"; };
		73308DDC228971E500CF55DD /* AlbumViewController.swift */ = {isa = PBXFileReference; lastKnownFileType = sourcecode.swift; path = AlbumViewController.swift; sourceTree = "<group>"; };
		73308DDE228979E500CF55DD /* MyAlbumsViewController.swift */ = {isa = PBXFileReference; lastKnownFileType = sourcecode.swift; path = MyAlbumsViewController.swift; sourceTree = "<group>"; };
		733425BC222FC5CA009B3207 /* VDO.app */ = {isa = PBXFileReference; explicitFileType = wrapper.application; includeInIndex = 0; path = VDO.app; sourceTree = BUILT_PRODUCTS_DIR; };
		733425BF222FC5CA009B3207 /* AppDelegate.swift */ = {isa = PBXFileReference; lastKnownFileType = sourcecode.swift; path = AppDelegate.swift; sourceTree = "<group>"; };
		733425C1222FC5CA009B3207 /* LandingViewController.swift */ = {isa = PBXFileReference; lastKnownFileType = sourcecode.swift; path = LandingViewController.swift; sourceTree = "<group>"; };
		733425C4222FC5CA009B3207 /* Base */ = {isa = PBXFileReference; lastKnownFileType = file.storyboard; name = Base; path = Base.lproj/Main.storyboard; sourceTree = "<group>"; };
		733425C6222FC5CB009B3207 /* Assets.xcassets */ = {isa = PBXFileReference; lastKnownFileType = folder.assetcatalog; path = Assets.xcassets; sourceTree = "<group>"; };
		733425C9222FC5CB009B3207 /* Base */ = {isa = PBXFileReference; lastKnownFileType = file.storyboard; name = Base; path = Base.lproj/LaunchScreen.storyboard; sourceTree = "<group>"; };
		733425CB222FC5CB009B3207 /* Info.plist */ = {isa = PBXFileReference; lastKnownFileType = text.plist.xml; path = Info.plist; sourceTree = "<group>"; };
		733425D0222FC5CB009B3207 /* VDOTests.xctest */ = {isa = PBXFileReference; explicitFileType = wrapper.cfbundle; includeInIndex = 0; path = VDOTests.xctest; sourceTree = BUILT_PRODUCTS_DIR; };
		733425D4222FC5CB009B3207 /* VDOTests.swift */ = {isa = PBXFileReference; lastKnownFileType = sourcecode.swift; path = VDOTests.swift; sourceTree = "<group>"; };
		733425D6222FC5CB009B3207 /* Info.plist */ = {isa = PBXFileReference; lastKnownFileType = text.plist.xml; path = Info.plist; sourceTree = "<group>"; };
		733425DB222FC5CB009B3207 /* VDOUITests.xctest */ = {isa = PBXFileReference; explicitFileType = wrapper.cfbundle; includeInIndex = 0; path = VDOUITests.xctest; sourceTree = BUILT_PRODUCTS_DIR; };
		733425DF222FC5CB009B3207 /* VDOUITests.swift */ = {isa = PBXFileReference; lastKnownFileType = sourcecode.swift; path = VDOUITests.swift; sourceTree = "<group>"; };
		733425E1222FC5CB009B3207 /* Info.plist */ = {isa = PBXFileReference; lastKnownFileType = text.plist.xml; path = Info.plist; sourceTree = "<group>"; };
		7365FCB022307545003A0366 /* GoogleService-Info.plist */ = {isa = PBXFileReference; fileEncoding = 4; lastKnownFileType = text.plist.xml; path = "GoogleService-Info.plist"; sourceTree = "<group>"; };
		736BEE1D2285339C0015C106 /* CommentViewCell.swift */ = {isa = PBXFileReference; lastKnownFileType = sourcecode.swift; path = CommentViewCell.swift; sourceTree = "<group>"; };
		7390E6372288B77400369ED1 /* SharedAlbumsViewController.swift */ = {isa = PBXFileReference; lastKnownFileType = sourcecode.swift; path = SharedAlbumsViewController.swift; sourceTree = "<group>"; };
		7390E63A2288F1C600369ED1 /* VideoInfoController.swift */ = {isa = PBXFileReference; lastKnownFileType = sourcecode.swift; path = VideoInfoController.swift; sourceTree = "<group>"; };
		7390E63C2288F1DF00369ED1 /* VideoEditController.swift */ = {isa = PBXFileReference; lastKnownFileType = sourcecode.swift; path = VideoEditController.swift; sourceTree = "<group>"; };
		73969F6322873F1A00D08DE4 /* Extensions.swift */ = {isa = PBXFileReference; lastKnownFileType = sourcecode.swift; path = Extensions.swift; sourceTree = "<group>"; };
		73969F652287A67E00D08DE4 /* MenuViewController.swift */ = {isa = PBXFileReference; lastKnownFileType = sourcecode.swift; path = MenuViewController.swift; sourceTree = "<group>"; };
		739819A122489D6900C74DE0 /* SignUpViewController.swift */ = {isa = PBXFileReference; lastKnownFileType = sourcecode.swift; path = SignUpViewController.swift; sourceTree = "<group>"; };
		73F153E6225DDCE600802F57 /* HomeViewController.swift */ = {isa = PBXFileReference; lastKnownFileType = sourcecode.swift; path = HomeViewController.swift; sourceTree = "<group>"; };
		9293C2AF7888E24B55EF79B4 /* Pods-VDO.debug.xcconfig */ = {isa = PBXFileReference; includeInIndex = 1; lastKnownFileType = text.xcconfig; name = "Pods-VDO.debug.xcconfig"; path = "Target Support Files/Pods-VDO/Pods-VDO.debug.xcconfig"; sourceTree = "<group>"; };
		953E4F4DBE828C7C555BC913 /* Pods_VDO.framework */ = {isa = PBXFileReference; explicitFileType = wrapper.framework; includeInIndex = 0; path = Pods_VDO.framework; sourceTree = BUILT_PRODUCTS_DIR; };
		AFF957D1A0D163143EDD764C /* Pods_VDOUITests.framework */ = {isa = PBXFileReference; explicitFileType = wrapper.framework; includeInIndex = 0; path = Pods_VDOUITests.framework; sourceTree = BUILT_PRODUCTS_DIR; };
		C7675252B136194613B911AC /* Pods_VDOTests.framework */ = {isa = PBXFileReference; explicitFileType = wrapper.framework; includeInIndex = 0; path = Pods_VDOTests.framework; sourceTree = BUILT_PRODUCTS_DIR; };
		DED76B6356B8419D1C8481AE /* Pods-VDOTests.release.xcconfig */ = {isa = PBXFileReference; includeInIndex = 1; lastKnownFileType = text.xcconfig; name = "Pods-VDOTests.release.xcconfig"; path = "Target Support Files/Pods-VDOTests/Pods-VDOTests.release.xcconfig"; sourceTree = "<group>"; };
/* End PBXFileReference section */

/* Begin PBXFrameworksBuildPhase section */
		733425B9222FC5CA009B3207 /* Frameworks */ = {
			isa = PBXFrameworksBuildPhase;
			buildActionMask = 2147483647;
			files = (
				7310FB5222740D8100941746 /* AVFoundation.framework in Frameworks */,
				0A1B0370FF46ACEEE3E25DE3 /* Pods_VDO.framework in Frameworks */,
			);
			runOnlyForDeploymentPostprocessing = 0;
		};
		733425CD222FC5CB009B3207 /* Frameworks */ = {
			isa = PBXFrameworksBuildPhase;
			buildActionMask = 2147483647;
			files = (
				BEFC5D9BAF91F903F6813B35 /* Pods_VDOTests.framework in Frameworks */,
			);
			runOnlyForDeploymentPostprocessing = 0;
		};
		733425D8222FC5CB009B3207 /* Frameworks */ = {
			isa = PBXFrameworksBuildPhase;
			buildActionMask = 2147483647;
			files = (
				C90C60F13CE235D179FF4297 /* Pods_VDOUITests.framework in Frameworks */,
			);
			runOnlyForDeploymentPostprocessing = 0;
		};
/* End PBXFrameworksBuildPhase section */

/* Begin PBXGroup section */
		7302ABC72276C6F30050D292 /* Model */ = {
			isa = PBXGroup;
			children = (
				7302ABC82276C7AA0050D292 /* User.swift */,
				7303B465227E1AA100030DB8 /* Comment.swift */,
				73300A6B2276CA43003FB82D /* Video.swift */,
				73300A6D22776490003FB82D /* Album.swift */,
			);
			path = Model;
			sourceTree = "<group>";
		};
		733425B3222FC5CA009B3207 = {
			isa = PBXGroup;
			children = (
				733425BE222FC5CA009B3207 /* VDO */,
				733425D3222FC5CB009B3207 /* VDOTests */,
				733425DE222FC5CB009B3207 /* VDOUITests */,
				733425BD222FC5CA009B3207 /* Products */,
				C0CD66D2256A6703DFD5048F /* Pods */,
				FB8EE13192AF1A3CA3785A3D /* Frameworks */,
			);
			sourceTree = "<group>";
		};
		733425BD222FC5CA009B3207 /* Products */ = {
			isa = PBXGroup;
			children = (
				733425BC222FC5CA009B3207 /* VDO.app */,
				733425D0222FC5CB009B3207 /* VDOTests.xctest */,
				733425DB222FC5CB009B3207 /* VDOUITests.xctest */,
			);
			name = Products;
			sourceTree = "<group>";
		};
		733425BE222FC5CA009B3207 /* VDO */ = {
			isa = PBXGroup;
			children = (
				7390E6392288C26400369ED1 /* API */,
				73969F6222873EFC00D08DE4 /* Extensions */,
				736BEE1A228533500015C106 /* View */,
				736BEE17228507890015C106 /* Controller */,
				7302ABC72276C6F30050D292 /* Model */,
				733425BF222FC5CA009B3207 /* AppDelegate.swift */,
				733425C3222FC5CA009B3207 /* Main.storyboard */,
				733425C6222FC5CB009B3207 /* Assets.xcassets */,
				733425C8222FC5CB009B3207 /* LaunchScreen.storyboard */,
				733425CB222FC5CB009B3207 /* Info.plist */,
				7365FCB022307545003A0366 /* GoogleService-Info.plist */,
			);
			path = VDO;
			sourceTree = "<group>";
		};
		733425D3222FC5CB009B3207 /* VDOTests */ = {
			isa = PBXGroup;
			children = (
				733425D4222FC5CB009B3207 /* VDOTests.swift */,
				733425D6222FC5CB009B3207 /* Info.plist */,
			);
			path = VDOTests;
			sourceTree = "<group>";
		};
		733425DE222FC5CB009B3207 /* VDOUITests */ = {
			isa = PBXGroup;
			children = (
				733425DF222FC5CB009B3207 /* VDOUITests.swift */,
				733425E1222FC5CB009B3207 /* Info.plist */,
			);
			path = VDOUITests;
			sourceTree = "<group>";
		};
		736BEE17228507890015C106 /* Controller */ = {
			isa = PBXGroup;
			children = (
				7310FB54227414FC00941746 /* UploadViewController.swift */,
				73F153E6225DDCE600802F57 /* HomeViewController.swift */,
				739819A122489D6900C74DE0 /* SignUpViewController.swift */,
				733425C1222FC5CA009B3207 /* LandingViewController.swift */,
				7303B467227E1DC900030DB8 /* VideoViewController.swift */,
				73969F652287A67E00D08DE4 /* MenuViewController.swift */,
				7390E6372288B77400369ED1 /* SharedAlbumsViewController.swift */,
				7390E63A2288F1C600369ED1 /* VideoInfoController.swift */,
				7390E63C2288F1DF00369ED1 /* VideoEditController.swift */,
				73308DDC228971E500CF55DD /* AlbumViewController.swift */,
				73308DDE228979E500CF55DD /* MyAlbumsViewController.swift */,
			);
			path = Controller;
			sourceTree = "<group>";
		};
		736BEE1A228533500015C106 /* View */ = {
			isa = PBXGroup;
			children = (
				736BEE1D2285339C0015C106 /* CommentViewCell.swift */,
				732988CA2285E9E6004C0949 /* VideoPreviewCell.swift */,
			);
			path = View;
			sourceTree = "<group>";
		};
		7390E6392288C26400369ED1 /* API */ = {
			isa = PBXGroup;
			children = (
				7310FB4F2273FDA600941746 /* API.swift */,
			);
			path = API;
			sourceTree = "<group>";
		};
		73969F6222873EFC00D08DE4 /* Extensions */ = {
			isa = PBXGroup;
			children = (
				73969F6322873F1A00D08DE4 /* Extensions.swift */,
			);
			path = Extensions;
			sourceTree = "<group>";
		};
		C0CD66D2256A6703DFD5048F /* Pods */ = {
			isa = PBXGroup;
			children = (
				9293C2AF7888E24B55EF79B4 /* Pods-VDO.debug.xcconfig */,
				6AC43DDA9FCBD28A7022AD16 /* Pods-VDO.release.xcconfig */,
				062245B8CE842D99A48A4BC8 /* Pods-VDOTests.debug.xcconfig */,
				DED76B6356B8419D1C8481AE /* Pods-VDOTests.release.xcconfig */,
				6F128E7F4B0B4E52D813295D /* Pods-VDOUITests.debug.xcconfig */,
				6ADE7FF8129130A440B0B29C /* Pods-VDOUITests.release.xcconfig */,
			);
			path = Pods;
			sourceTree = "<group>";
		};
		FB8EE13192AF1A3CA3785A3D /* Frameworks */ = {
			isa = PBXGroup;
			children = (
				7310FB5122740D8100941746 /* AVFoundation.framework */,
				953E4F4DBE828C7C555BC913 /* Pods_VDO.framework */,
				C7675252B136194613B911AC /* Pods_VDOTests.framework */,
				AFF957D1A0D163143EDD764C /* Pods_VDOUITests.framework */,
			);
			name = Frameworks;
			sourceTree = "<group>";
		};
/* End PBXGroup section */

/* Begin PBXNativeTarget section */
		733425BB222FC5CA009B3207 /* VDO */ = {
			isa = PBXNativeTarget;
			buildConfigurationList = 733425E4222FC5CB009B3207 /* Build configuration list for PBXNativeTarget "VDO" */;
			buildPhases = (
				F2021269F2FEF12F48009E86 /* [CP] Check Pods Manifest.lock */,
				733425B8222FC5CA009B3207 /* Sources */,
				733425B9222FC5CA009B3207 /* Frameworks */,
				733425BA222FC5CA009B3207 /* Resources */,
				A9CC4351AFDAD159B9FC5E2C /* [CP] Embed Pods Frameworks */,
				A7E4C523D33DD7C6091C6E95 /* [CP] Copy Pods Resources */,
			);
			buildRules = (
			);
			dependencies = (
			);
			name = VDO;
			productName = VDO;
			productReference = 733425BC222FC5CA009B3207 /* VDO.app */;
			productType = "com.apple.product-type.application";
		};
		733425CF222FC5CB009B3207 /* VDOTests */ = {
			isa = PBXNativeTarget;
			buildConfigurationList = 733425E7222FC5CB009B3207 /* Build configuration list for PBXNativeTarget "VDOTests" */;
			buildPhases = (
				EF8F39653D3ABF3F0E450986 /* [CP] Check Pods Manifest.lock */,
				733425CC222FC5CB009B3207 /* Sources */,
				733425CD222FC5CB009B3207 /* Frameworks */,
				733425CE222FC5CB009B3207 /* Resources */,
				3F060EC1EDA83E65BA30EFB2 /* [CP] Embed Pods Frameworks */,
				54BC3CB6F1A2C70E7CA6A617 /* [CP] Copy Pods Resources */,
			);
			buildRules = (
			);
			dependencies = (
				733425D2222FC5CB009B3207 /* PBXTargetDependency */,
			);
			name = VDOTests;
			productName = VDOTests;
			productReference = 733425D0222FC5CB009B3207 /* VDOTests.xctest */;
			productType = "com.apple.product-type.bundle.unit-test";
		};
		733425DA222FC5CB009B3207 /* VDOUITests */ = {
			isa = PBXNativeTarget;
			buildConfigurationList = 733425EA222FC5CB009B3207 /* Build configuration list for PBXNativeTarget "VDOUITests" */;
			buildPhases = (
				32E4258A0D3D56E89740CC90 /* [CP] Check Pods Manifest.lock */,
				733425D7222FC5CB009B3207 /* Sources */,
				733425D8222FC5CB009B3207 /* Frameworks */,
				733425D9222FC5CB009B3207 /* Resources */,
			);
			buildRules = (
			);
			dependencies = (
				733425DD222FC5CB009B3207 /* PBXTargetDependency */,
			);
			name = VDOUITests;
			productName = VDOUITests;
			productReference = 733425DB222FC5CB009B3207 /* VDOUITests.xctest */;
			productType = "com.apple.product-type.bundle.ui-testing";
		};
/* End PBXNativeTarget section */

/* Begin PBXProject section */
		733425B4222FC5CA009B3207 /* Project object */ = {
			isa = PBXProject;
			attributes = {
				LastSwiftUpdateCheck = 1010;
				LastUpgradeCheck = 1010;
				ORGANIZATIONNAME = 137frontrow;
				TargetAttributes = {
					733425BB222FC5CA009B3207 = {
						CreatedOnToolsVersion = 10.1;
						LastSwiftMigration = 1020;
					};
					733425CF222FC5CB009B3207 = {
						CreatedOnToolsVersion = 10.1;
						LastSwiftMigration = 1020;
						TestTargetID = 733425BB222FC5CA009B3207;
					};
					733425DA222FC5CB009B3207 = {
						CreatedOnToolsVersion = 10.1;
						LastSwiftMigration = 1020;
						TestTargetID = 733425BB222FC5CA009B3207;
					};
				};
			};
			buildConfigurationList = 733425B7222FC5CA009B3207 /* Build configuration list for PBXProject "VDO" */;
			compatibilityVersion = "Xcode 9.3";
			developmentRegion = en;
			hasScannedForEncodings = 0;
			knownRegions = (
				en,
				Base,
			);
			mainGroup = 733425B3222FC5CA009B3207;
			productRefGroup = 733425BD222FC5CA009B3207 /* Products */;
			projectDirPath = "";
			projectRoot = "";
			targets = (
				733425BB222FC5CA009B3207 /* VDO */,
				733425CF222FC5CB009B3207 /* VDOTests */,
				733425DA222FC5CB009B3207 /* VDOUITests */,
			);
		};
/* End PBXProject section */

/* Begin PBXResourcesBuildPhase section */
		733425BA222FC5CA009B3207 /* Resources */ = {
			isa = PBXResourcesBuildPhase;
			buildActionMask = 2147483647;
			files = (
				733425CA222FC5CB009B3207 /* LaunchScreen.storyboard in Resources */,
				7365FCB122307545003A0366 /* GoogleService-Info.plist in Resources */,
				733425C7222FC5CB009B3207 /* Assets.xcassets in Resources */,
				733425C5222FC5CA009B3207 /* Main.storyboard in Resources */,
			);
			runOnlyForDeploymentPostprocessing = 0;
		};
		733425CE222FC5CB009B3207 /* Resources */ = {
			isa = PBXResourcesBuildPhase;
			buildActionMask = 2147483647;
			files = (
				7365FCB222307545003A0366 /* GoogleService-Info.plist in Resources */,
			);
			runOnlyForDeploymentPostprocessing = 0;
		};
		733425D9222FC5CB009B3207 /* Resources */ = {
			isa = PBXResourcesBuildPhase;
			buildActionMask = 2147483647;
			files = (
				7365FCB322307545003A0366 /* GoogleService-Info.plist in Resources */,
			);
			runOnlyForDeploymentPostprocessing = 0;
		};
/* End PBXResourcesBuildPhase section */

/* Begin PBXShellScriptBuildPhase section */
		32E4258A0D3D56E89740CC90 /* [CP] Check Pods Manifest.lock */ = {
			isa = PBXShellScriptBuildPhase;
			buildActionMask = 2147483647;
			files = (
			);
			inputFileListPaths = (
			);
			inputPaths = (
				"${PODS_PODFILE_DIR_PATH}/Podfile.lock",
				"${PODS_ROOT}/Manifest.lock",
			);
			name = "[CP] Check Pods Manifest.lock";
			outputFileListPaths = (
			);
			outputPaths = (
				"$(DERIVED_FILE_DIR)/Pods-VDOUITests-checkManifestLockResult.txt",
			);
			runOnlyForDeploymentPostprocessing = 0;
			shellPath = /bin/sh;
			shellScript = "diff \"${PODS_PODFILE_DIR_PATH}/Podfile.lock\" \"${PODS_ROOT}/Manifest.lock\" > /dev/null\nif [ $? != 0 ] ; then\n    # print error to STDERR\n    echo \"error: The sandbox is not in sync with the Podfile.lock. Run 'pod install' or update your CocoaPods installation.\" >&2\n    exit 1\nfi\n# This output is used by Xcode 'outputs' to avoid re-running this script phase.\necho \"SUCCESS\" > \"${SCRIPT_OUTPUT_FILE_0}\"\n";
			showEnvVarsInLog = 0;
		};
		3F060EC1EDA83E65BA30EFB2 /* [CP] Embed Pods Frameworks */ = {
			isa = PBXShellScriptBuildPhase;
			buildActionMask = 2147483647;
			files = (
			);
			inputFileListPaths = (
			);
			inputPaths = (
				"${PODS_ROOT}/Target Support Files/Pods-VDOTests/Pods-VDOTests-frameworks.sh",
				"${BUILT_PRODUCTS_DIR}/BoringSSL-GRPC/openssl_grpc.framework",
				"${BUILT_PRODUCTS_DIR}/FBSDKCoreKit/FBSDKCoreKit.framework",
				"${BUILT_PRODUCTS_DIR}/FBSDKLoginKit/FBSDKLoginKit.framework",
				"${BUILT_PRODUCTS_DIR}/GTMSessionFetcher/GTMSessionFetcher.framework",
				"${BUILT_PRODUCTS_DIR}/GoogleToolboxForMac/GoogleToolboxForMac.framework",
				"${BUILT_PRODUCTS_DIR}/GoogleUtilities/GoogleUtilities.framework",
				"${BUILT_PRODUCTS_DIR}/Protobuf/Protobuf.framework",
				"${BUILT_PRODUCTS_DIR}/SDWebImage/SDWebImage.framework",
				"${BUILT_PRODUCTS_DIR}/gRPC-C++/grpcpp.framework",
				"${BUILT_PRODUCTS_DIR}/gRPC-Core/grpc.framework",
				"${BUILT_PRODUCTS_DIR}/leveldb-library/leveldb.framework",
				"${BUILT_PRODUCTS_DIR}/nanopb/nanopb.framework",
			);
			name = "[CP] Embed Pods Frameworks";
			outputFileListPaths = (
			);
			outputPaths = (
				"${TARGET_BUILD_DIR}/${FRAMEWORKS_FOLDER_PATH}/openssl_grpc.framework",
				"${TARGET_BUILD_DIR}/${FRAMEWORKS_FOLDER_PATH}/FBSDKCoreKit.framework",
				"${TARGET_BUILD_DIR}/${FRAMEWORKS_FOLDER_PATH}/FBSDKLoginKit.framework",
				"${TARGET_BUILD_DIR}/${FRAMEWORKS_FOLDER_PATH}/GTMSessionFetcher.framework",
				"${TARGET_BUILD_DIR}/${FRAMEWORKS_FOLDER_PATH}/GoogleToolboxForMac.framework",
				"${TARGET_BUILD_DIR}/${FRAMEWORKS_FOLDER_PATH}/GoogleUtilities.framework",
				"${TARGET_BUILD_DIR}/${FRAMEWORKS_FOLDER_PATH}/Protobuf.framework",
				"${TARGET_BUILD_DIR}/${FRAMEWORKS_FOLDER_PATH}/SDWebImage.framework",
				"${TARGET_BUILD_DIR}/${FRAMEWORKS_FOLDER_PATH}/grpcpp.framework",
				"${TARGET_BUILD_DIR}/${FRAMEWORKS_FOLDER_PATH}/grpc.framework",
				"${TARGET_BUILD_DIR}/${FRAMEWORKS_FOLDER_PATH}/leveldb.framework",
				"${TARGET_BUILD_DIR}/${FRAMEWORKS_FOLDER_PATH}/nanopb.framework",
			);
			runOnlyForDeploymentPostprocessing = 0;
			shellPath = /bin/sh;
			shellScript = "\"${PODS_ROOT}/Target Support Files/Pods-VDOTests/Pods-VDOTests-frameworks.sh\"\n";
			showEnvVarsInLog = 0;
		};
		54BC3CB6F1A2C70E7CA6A617 /* [CP] Copy Pods Resources */ = {
			isa = PBXShellScriptBuildPhase;
			buildActionMask = 2147483647;
			files = (
			);
			inputFileListPaths = (
			);
			inputPaths = (
				"${PODS_ROOT}/Target Support Files/Pods-VDOTests/Pods-VDOTests-resources.sh",
				"${PODS_CONFIGURATION_BUILD_DIR}/FirebaseUI/FirebaseAnonymousAuthUI.bundle",
				"${PODS_CONFIGURATION_BUILD_DIR}/FirebaseUI/FirebaseAuthUI.bundle",
				"${PODS_CONFIGURATION_BUILD_DIR}/FirebaseUI/FirebaseEmailAuthUI.bundle",
				"${PODS_CONFIGURATION_BUILD_DIR}/FirebaseUI/FirebaseFacebookAuthUI.bundle",
				"${PODS_CONFIGURATION_BUILD_DIR}/FirebaseUI/FirebaseGoogleAuthUI.bundle",
				"${PODS_CONFIGURATION_BUILD_DIR}/FirebaseUI/FirebasePhoneAuthUI.bundle",
				"${PODS_ROOT}/GoogleSignIn/Resources/GoogleSignIn.bundle",
			);
			name = "[CP] Copy Pods Resources";
			outputFileListPaths = (
			);
			outputPaths = (
				"${TARGET_BUILD_DIR}/${UNLOCALIZED_RESOURCES_FOLDER_PATH}/FirebaseAnonymousAuthUI.bundle",
				"${TARGET_BUILD_DIR}/${UNLOCALIZED_RESOURCES_FOLDER_PATH}/FirebaseAuthUI.bundle",
				"${TARGET_BUILD_DIR}/${UNLOCALIZED_RESOURCES_FOLDER_PATH}/FirebaseEmailAuthUI.bundle",
				"${TARGET_BUILD_DIR}/${UNLOCALIZED_RESOURCES_FOLDER_PATH}/FirebaseFacebookAuthUI.bundle",
				"${TARGET_BUILD_DIR}/${UNLOCALIZED_RESOURCES_FOLDER_PATH}/FirebaseGoogleAuthUI.bundle",
				"${TARGET_BUILD_DIR}/${UNLOCALIZED_RESOURCES_FOLDER_PATH}/FirebasePhoneAuthUI.bundle",
				"${TARGET_BUILD_DIR}/${UNLOCALIZED_RESOURCES_FOLDER_PATH}/GoogleSignIn.bundle",
			);
			runOnlyForDeploymentPostprocessing = 0;
			shellPath = /bin/sh;
			shellScript = "\"${PODS_ROOT}/Target Support Files/Pods-VDOTests/Pods-VDOTests-resources.sh\"\n";
			showEnvVarsInLog = 0;
		};
		A7E4C523D33DD7C6091C6E95 /* [CP] Copy Pods Resources */ = {
			isa = PBXShellScriptBuildPhase;
			buildActionMask = 2147483647;
			files = (
			);
			inputFileListPaths = (
			);
			inputPaths = (
				"${PODS_ROOT}/Target Support Files/Pods-VDO/Pods-VDO-resources.sh",
				"${PODS_CONFIGURATION_BUILD_DIR}/FirebaseUI/FirebaseAnonymousAuthUI.bundle",
				"${PODS_CONFIGURATION_BUILD_DIR}/FirebaseUI/FirebaseAuthUI.bundle",
				"${PODS_CONFIGURATION_BUILD_DIR}/FirebaseUI/FirebaseEmailAuthUI.bundle",
				"${PODS_CONFIGURATION_BUILD_DIR}/FirebaseUI/FirebaseFacebookAuthUI.bundle",
				"${PODS_CONFIGURATION_BUILD_DIR}/FirebaseUI/FirebaseGoogleAuthUI.bundle",
				"${PODS_CONFIGURATION_BUILD_DIR}/FirebaseUI/FirebasePhoneAuthUI.bundle",
				"${PODS_ROOT}/GoogleSignIn/Resources/GoogleSignIn.bundle",
			);
			name = "[CP] Copy Pods Resources";
			outputFileListPaths = (
			);
			outputPaths = (
				"${TARGET_BUILD_DIR}/${UNLOCALIZED_RESOURCES_FOLDER_PATH}/FirebaseAnonymousAuthUI.bundle",
				"${TARGET_BUILD_DIR}/${UNLOCALIZED_RESOURCES_FOLDER_PATH}/FirebaseAuthUI.bundle",
				"${TARGET_BUILD_DIR}/${UNLOCALIZED_RESOURCES_FOLDER_PATH}/FirebaseEmailAuthUI.bundle",
				"${TARGET_BUILD_DIR}/${UNLOCALIZED_RESOURCES_FOLDER_PATH}/FirebaseFacebookAuthUI.bundle",
				"${TARGET_BUILD_DIR}/${UNLOCALIZED_RESOURCES_FOLDER_PATH}/FirebaseGoogleAuthUI.bundle",
				"${TARGET_BUILD_DIR}/${UNLOCALIZED_RESOURCES_FOLDER_PATH}/FirebasePhoneAuthUI.bundle",
				"${TARGET_BUILD_DIR}/${UNLOCALIZED_RESOURCES_FOLDER_PATH}/GoogleSignIn.bundle",
			);
			runOnlyForDeploymentPostprocessing = 0;
			shellPath = /bin/sh;
			shellScript = "\"${PODS_ROOT}/Target Support Files/Pods-VDO/Pods-VDO-resources.sh\"\n";
			showEnvVarsInLog = 0;
		};
		A9CC4351AFDAD159B9FC5E2C /* [CP] Embed Pods Frameworks */ = {
			isa = PBXShellScriptBuildPhase;
			buildActionMask = 2147483647;
			files = (
			);
			inputFileListPaths = (
			);
			inputPaths = (
				"${PODS_ROOT}/Target Support Files/Pods-VDO/Pods-VDO-frameworks.sh",
				"${BUILT_PRODUCTS_DIR}/BoringSSL-GRPC/openssl_grpc.framework",
				"${BUILT_PRODUCTS_DIR}/FBSDKCoreKit/FBSDKCoreKit.framework",
				"${BUILT_PRODUCTS_DIR}/FBSDKLoginKit/FBSDKLoginKit.framework",
				"${BUILT_PRODUCTS_DIR}/GTMSessionFetcher/GTMSessionFetcher.framework",
				"${BUILT_PRODUCTS_DIR}/GoogleToolboxForMac/GoogleToolboxForMac.framework",
				"${BUILT_PRODUCTS_DIR}/GoogleUtilities/GoogleUtilities.framework",
				"${BUILT_PRODUCTS_DIR}/Protobuf/Protobuf.framework",
				"${BUILT_PRODUCTS_DIR}/SDWebImage/SDWebImage.framework",
				"${BUILT_PRODUCTS_DIR}/gRPC-C++/grpcpp.framework",
				"${BUILT_PRODUCTS_DIR}/gRPC-Core/grpc.framework",
				"${BUILT_PRODUCTS_DIR}/leveldb-library/leveldb.framework",
				"${BUILT_PRODUCTS_DIR}/nanopb/nanopb.framework",
			);
			name = "[CP] Embed Pods Frameworks";
			outputFileListPaths = (
			);
			outputPaths = (
				"${TARGET_BUILD_DIR}/${FRAMEWORKS_FOLDER_PATH}/openssl_grpc.framework",
				"${TARGET_BUILD_DIR}/${FRAMEWORKS_FOLDER_PATH}/FBSDKCoreKit.framework",
				"${TARGET_BUILD_DIR}/${FRAMEWORKS_FOLDER_PATH}/FBSDKLoginKit.framework",
				"${TARGET_BUILD_DIR}/${FRAMEWORKS_FOLDER_PATH}/GTMSessionFetcher.framework",
				"${TARGET_BUILD_DIR}/${FRAMEWORKS_FOLDER_PATH}/GoogleToolboxForMac.framework",
				"${TARGET_BUILD_DIR}/${FRAMEWORKS_FOLDER_PATH}/GoogleUtilities.framework",
				"${TARGET_BUILD_DIR}/${FRAMEWORKS_FOLDER_PATH}/Protobuf.framework",
				"${TARGET_BUILD_DIR}/${FRAMEWORKS_FOLDER_PATH}/SDWebImage.framework",
				"${TARGET_BUILD_DIR}/${FRAMEWORKS_FOLDER_PATH}/grpcpp.framework",
				"${TARGET_BUILD_DIR}/${FRAMEWORKS_FOLDER_PATH}/grpc.framework",
				"${TARGET_BUILD_DIR}/${FRAMEWORKS_FOLDER_PATH}/leveldb.framework",
				"${TARGET_BUILD_DIR}/${FRAMEWORKS_FOLDER_PATH}/nanopb.framework",
			);
			runOnlyForDeploymentPostprocessing = 0;
			shellPath = /bin/sh;
			shellScript = "\"${PODS_ROOT}/Target Support Files/Pods-VDO/Pods-VDO-frameworks.sh\"\n";
			showEnvVarsInLog = 0;
		};
		EF8F39653D3ABF3F0E450986 /* [CP] Check Pods Manifest.lock */ = {
			isa = PBXShellScriptBuildPhase;
			buildActionMask = 2147483647;
			files = (
			);
			inputFileListPaths = (
			);
			inputPaths = (
				"${PODS_PODFILE_DIR_PATH}/Podfile.lock",
				"${PODS_ROOT}/Manifest.lock",
			);
			name = "[CP] Check Pods Manifest.lock";
			outputFileListPaths = (
			);
			outputPaths = (
				"$(DERIVED_FILE_DIR)/Pods-VDOTests-checkManifestLockResult.txt",
			);
			runOnlyForDeploymentPostprocessing = 0;
			shellPath = /bin/sh;
			shellScript = "diff \"${PODS_PODFILE_DIR_PATH}/Podfile.lock\" \"${PODS_ROOT}/Manifest.lock\" > /dev/null\nif [ $? != 0 ] ; then\n    # print error to STDERR\n    echo \"error: The sandbox is not in sync with the Podfile.lock. Run 'pod install' or update your CocoaPods installation.\" >&2\n    exit 1\nfi\n# This output is used by Xcode 'outputs' to avoid re-running this script phase.\necho \"SUCCESS\" > \"${SCRIPT_OUTPUT_FILE_0}\"\n";
			showEnvVarsInLog = 0;
		};
		F2021269F2FEF12F48009E86 /* [CP] Check Pods Manifest.lock */ = {
			isa = PBXShellScriptBuildPhase;
			buildActionMask = 2147483647;
			files = (
			);
			inputFileListPaths = (
			);
			inputPaths = (
				"${PODS_PODFILE_DIR_PATH}/Podfile.lock",
				"${PODS_ROOT}/Manifest.lock",
			);
			name = "[CP] Check Pods Manifest.lock";
			outputFileListPaths = (
			);
			outputPaths = (
				"$(DERIVED_FILE_DIR)/Pods-VDO-checkManifestLockResult.txt",
			);
			runOnlyForDeploymentPostprocessing = 0;
			shellPath = /bin/sh;
			shellScript = "diff \"${PODS_PODFILE_DIR_PATH}/Podfile.lock\" \"${PODS_ROOT}/Manifest.lock\" > /dev/null\nif [ $? != 0 ] ; then\n    # print error to STDERR\n    echo \"error: The sandbox is not in sync with the Podfile.lock. Run 'pod install' or update your CocoaPods installation.\" >&2\n    exit 1\nfi\n# This output is used by Xcode 'outputs' to avoid re-running this script phase.\necho \"SUCCESS\" > \"${SCRIPT_OUTPUT_FILE_0}\"\n";
			showEnvVarsInLog = 0;
		};
/* End PBXShellScriptBuildPhase section */

/* Begin PBXSourcesBuildPhase section */
		733425B8222FC5CA009B3207 /* Sources */ = {
			isa = PBXSourcesBuildPhase;
			buildActionMask = 2147483647;
			files = (
				7390E6382288B77400369ED1 /* SharedAlbumsViewController.swift in Sources */,
				739819A222489D6900C74DE0 /* SignUpViewController.swift in Sources */,
				7310FB55227414FC00941746 /* UploadViewController.swift in Sources */,
				7390E63D2288F1DF00369ED1 /* VideoEditController.swift in Sources */,
				73308DDF228979E500CF55DD /* MyAlbumsViewController.swift in Sources */,
				7303B468227E1DC900030DB8 /* VideoViewController.swift in Sources */,
				733425C2222FC5CA009B3207 /* LandingViewController.swift in Sources */,
				73300A6C2276CA43003FB82D /* Video.swift in Sources */,
				7390E63B2288F1C600369ED1 /* VideoInfoController.swift in Sources */,
				7302ABC92276C7AA0050D292 /* User.swift in Sources */,
				73969F662287A67E00D08DE4 /* MenuViewController.swift in Sources */,
				733425C0222FC5CA009B3207 /* AppDelegate.swift in Sources */,
				732988CB2285E9E6004C0949 /* VideoPreviewCell.swift in Sources */,
				7310FB502273FDA600941746 /* API.swift in Sources */,
				73969F6422873F1A00D08DE4 /* Extensions.swift in Sources */,
				73F153E7225DDCE600802F57 /* HomeViewController.swift in Sources */,
				7303B466227E1AA100030DB8 /* Comment.swift in Sources */,
				736BEE1E2285339C0015C106 /* CommentViewCell.swift in Sources */,
				73308DDD228971E500CF55DD /* AlbumViewController.swift in Sources */,
				73300A6E22776490003FB82D /* Album.swift in Sources */,
			);
			runOnlyForDeploymentPostprocessing = 0;
		};
		733425CC222FC5CB009B3207 /* Sources */ = {
			isa = PBXSourcesBuildPhase;
			buildActionMask = 2147483647;
			files = (
				733425D5222FC5CB009B3207 /* VDOTests.swift in Sources */,
			);
			runOnlyForDeploymentPostprocessing = 0;
		};
		733425D7222FC5CB009B3207 /* Sources */ = {
			isa = PBXSourcesBuildPhase;
			buildActionMask = 2147483647;
			files = (
				733425E0222FC5CB009B3207 /* VDOUITests.swift in Sources */,
			);
			runOnlyForDeploymentPostprocessing = 0;
		};
/* End PBXSourcesBuildPhase section */

/* Begin PBXTargetDependency section */
		733425D2222FC5CB009B3207 /* PBXTargetDependency */ = {
			isa = PBXTargetDependency;
			target = 733425BB222FC5CA009B3207 /* VDO */;
			targetProxy = 733425D1222FC5CB009B3207 /* PBXContainerItemProxy */;
		};
		733425DD222FC5CB009B3207 /* PBXTargetDependency */ = {
			isa = PBXTargetDependency;
			target = 733425BB222FC5CA009B3207 /* VDO */;
			targetProxy = 733425DC222FC5CB009B3207 /* PBXContainerItemProxy */;
		};
/* End PBXTargetDependency section */

/* Begin PBXVariantGroup section */
		733425C3222FC5CA009B3207 /* Main.storyboard */ = {
			isa = PBXVariantGroup;
			children = (
				733425C4222FC5CA009B3207 /* Base */,
			);
			name = Main.storyboard;
			sourceTree = "<group>";
		};
		733425C8222FC5CB009B3207 /* LaunchScreen.storyboard */ = {
			isa = PBXVariantGroup;
			children = (
				733425C9222FC5CB009B3207 /* Base */,
			);
			name = LaunchScreen.storyboard;
			sourceTree = "<group>";
		};
/* End PBXVariantGroup section */

/* Begin XCBuildConfiguration section */
		733425E2222FC5CB009B3207 /* Debug */ = {
			isa = XCBuildConfiguration;
			buildSettings = {
				ALWAYS_SEARCH_USER_PATHS = NO;
				CLANG_ANALYZER_NONNULL = YES;
				CLANG_ANALYZER_NUMBER_OBJECT_CONVERSION = YES_AGGRESSIVE;
				CLANG_CXX_LANGUAGE_STANDARD = "gnu++14";
				CLANG_CXX_LIBRARY = "libc++";
				CLANG_ENABLE_MODULES = YES;
				CLANG_ENABLE_OBJC_ARC = YES;
				CLANG_ENABLE_OBJC_WEAK = YES;
				CLANG_WARN_BLOCK_CAPTURE_AUTORELEASING = YES;
				CLANG_WARN_BOOL_CONVERSION = YES;
				CLANG_WARN_COMMA = YES;
				CLANG_WARN_CONSTANT_CONVERSION = YES;
				CLANG_WARN_DEPRECATED_OBJC_IMPLEMENTATIONS = YES;
				CLANG_WARN_DIRECT_OBJC_ISA_USAGE = YES_ERROR;
				CLANG_WARN_DOCUMENTATION_COMMENTS = YES;
				CLANG_WARN_EMPTY_BODY = YES;
				CLANG_WARN_ENUM_CONVERSION = YES;
				CLANG_WARN_INFINITE_RECURSION = YES;
				CLANG_WARN_INT_CONVERSION = YES;
				CLANG_WARN_NON_LITERAL_NULL_CONVERSION = YES;
				CLANG_WARN_OBJC_IMPLICIT_RETAIN_SELF = YES;
				CLANG_WARN_OBJC_LITERAL_CONVERSION = YES;
				CLANG_WARN_OBJC_ROOT_CLASS = YES_ERROR;
				CLANG_WARN_RANGE_LOOP_ANALYSIS = YES;
				CLANG_WARN_STRICT_PROTOTYPES = YES;
				CLANG_WARN_SUSPICIOUS_MOVE = YES;
				CLANG_WARN_UNGUARDED_AVAILABILITY = YES_AGGRESSIVE;
				CLANG_WARN_UNREACHABLE_CODE = YES;
				CLANG_WARN__DUPLICATE_METHOD_MATCH = YES;
				CODE_SIGN_IDENTITY = "iPhone Developer";
				COPY_PHASE_STRIP = NO;
				DEBUG_INFORMATION_FORMAT = dwarf;
				ENABLE_STRICT_OBJC_MSGSEND = YES;
				ENABLE_TESTABILITY = YES;
				GCC_C_LANGUAGE_STANDARD = gnu11;
				GCC_DYNAMIC_NO_PIC = NO;
				GCC_NO_COMMON_BLOCKS = YES;
				GCC_OPTIMIZATION_LEVEL = 0;
				GCC_PREPROCESSOR_DEFINITIONS = (
					"DEBUG=1",
					"$(inherited)",
				);
				GCC_WARN_64_TO_32_BIT_CONVERSION = YES;
				GCC_WARN_ABOUT_RETURN_TYPE = YES_ERROR;
				GCC_WARN_UNDECLARED_SELECTOR = YES;
				GCC_WARN_UNINITIALIZED_AUTOS = YES_AGGRESSIVE;
				GCC_WARN_UNUSED_FUNCTION = YES;
				GCC_WARN_UNUSED_VARIABLE = YES;
				IPHONEOS_DEPLOYMENT_TARGET = 12.1;
				MTL_ENABLE_DEBUG_INFO = INCLUDE_SOURCE;
				MTL_FAST_MATH = YES;
				ONLY_ACTIVE_ARCH = YES;
				SDKROOT = iphoneos;
				SWIFT_ACTIVE_COMPILATION_CONDITIONS = DEBUG;
				SWIFT_OPTIMIZATION_LEVEL = "-Onone";
			};
			name = Debug;
		};
		733425E3222FC5CB009B3207 /* Release */ = {
			isa = XCBuildConfiguration;
			buildSettings = {
				ALWAYS_SEARCH_USER_PATHS = NO;
				CLANG_ANALYZER_NONNULL = YES;
				CLANG_ANALYZER_NUMBER_OBJECT_CONVERSION = YES_AGGRESSIVE;
				CLANG_CXX_LANGUAGE_STANDARD = "gnu++14";
				CLANG_CXX_LIBRARY = "libc++";
				CLANG_ENABLE_MODULES = YES;
				CLANG_ENABLE_OBJC_ARC = YES;
				CLANG_ENABLE_OBJC_WEAK = YES;
				CLANG_WARN_BLOCK_CAPTURE_AUTORELEASING = YES;
				CLANG_WARN_BOOL_CONVERSION = YES;
				CLANG_WARN_COMMA = YES;
				CLANG_WARN_CONSTANT_CONVERSION = YES;
				CLANG_WARN_DEPRECATED_OBJC_IMPLEMENTATIONS = YES;
				CLANG_WARN_DIRECT_OBJC_ISA_USAGE = YES_ERROR;
				CLANG_WARN_DOCUMENTATION_COMMENTS = YES;
				CLANG_WARN_EMPTY_BODY = YES;
				CLANG_WARN_ENUM_CONVERSION = YES;
				CLANG_WARN_INFINITE_RECURSION = YES;
				CLANG_WARN_INT_CONVERSION = YES;
				CLANG_WARN_NON_LITERAL_NULL_CONVERSION = YES;
				CLANG_WARN_OBJC_IMPLICIT_RETAIN_SELF = YES;
				CLANG_WARN_OBJC_LITERAL_CONVERSION = YES;
				CLANG_WARN_OBJC_ROOT_CLASS = YES_ERROR;
				CLANG_WARN_RANGE_LOOP_ANALYSIS = YES;
				CLANG_WARN_STRICT_PROTOTYPES = YES;
				CLANG_WARN_SUSPICIOUS_MOVE = YES;
				CLANG_WARN_UNGUARDED_AVAILABILITY = YES_AGGRESSIVE;
				CLANG_WARN_UNREACHABLE_CODE = YES;
				CLANG_WARN__DUPLICATE_METHOD_MATCH = YES;
				CODE_SIGN_IDENTITY = "iPhone Developer";
				COPY_PHASE_STRIP = NO;
				DEBUG_INFORMATION_FORMAT = "dwarf-with-dsym";
				ENABLE_NS_ASSERTIONS = NO;
				ENABLE_STRICT_OBJC_MSGSEND = YES;
				GCC_C_LANGUAGE_STANDARD = gnu11;
				GCC_NO_COMMON_BLOCKS = YES;
				GCC_WARN_64_TO_32_BIT_CONVERSION = YES;
				GCC_WARN_ABOUT_RETURN_TYPE = YES_ERROR;
				GCC_WARN_UNDECLARED_SELECTOR = YES;
				GCC_WARN_UNINITIALIZED_AUTOS = YES_AGGRESSIVE;
				GCC_WARN_UNUSED_FUNCTION = YES;
				GCC_WARN_UNUSED_VARIABLE = YES;
				IPHONEOS_DEPLOYMENT_TARGET = 12.1;
				MTL_ENABLE_DEBUG_INFO = NO;
				MTL_FAST_MATH = YES;
				SDKROOT = iphoneos;
				SWIFT_COMPILATION_MODE = wholemodule;
				SWIFT_OPTIMIZATION_LEVEL = "-O";
				VALIDATE_PRODUCT = YES;
			};
			name = Release;
		};
		733425E5222FC5CB009B3207 /* Debug */ = {
			isa = XCBuildConfiguration;
			baseConfigurationReference = 9293C2AF7888E24B55EF79B4 /* Pods-VDO.debug.xcconfig */;
			buildSettings = {
				ASSETCATALOG_COMPILER_APPICON_NAME = AppIcon;
				CODE_SIGN_STYLE = Automatic;
				DEVELOPMENT_TEAM = 6WA6Y7KBQJ;
				INFOPLIST_FILE = VDO/Info.plist;
				LD_RUNPATH_SEARCH_PATHS = (
					"$(inherited)",
					"@executable_path/Frameworks",
				);
				PRODUCT_BUNDLE_IDENTIFIER = com.137frontrow.VDO;
				PRODUCT_NAME = "$(TARGET_NAME)";
				SWIFT_VERSION = 5.0;
				TARGETED_DEVICE_FAMILY = "1,2";
			};
			name = Debug;
		};
		733425E6222FC5CB009B3207 /* Release */ = {
			isa = XCBuildConfiguration;
			baseConfigurationReference = 6AC43DDA9FCBD28A7022AD16 /* Pods-VDO.release.xcconfig */;
			buildSettings = {
				ASSETCATALOG_COMPILER_APPICON_NAME = AppIcon;
				CODE_SIGN_STYLE = Automatic;
				DEVELOPMENT_TEAM = 6WA6Y7KBQJ;
				INFOPLIST_FILE = VDO/Info.plist;
				LD_RUNPATH_SEARCH_PATHS = (
					"$(inherited)",
					"@executable_path/Frameworks",
				);
				PRODUCT_BUNDLE_IDENTIFIER = com.137frontrow.VDO;
				PRODUCT_NAME = "$(TARGET_NAME)";
				SWIFT_VERSION = 5.0;
				TARGETED_DEVICE_FAMILY = "1,2";
			};
			name = Release;
		};
		733425E8222FC5CB009B3207 /* Debug */ = {
			isa = XCBuildConfiguration;
			baseConfigurationReference = 062245B8CE842D99A48A4BC8 /* Pods-VDOTests.debug.xcconfig */;
			buildSettings = {
				ALWAYS_EMBED_SWIFT_STANDARD_LIBRARIES = YES;
				BUNDLE_LOADER = "$(TEST_HOST)";
				CODE_SIGN_STYLE = Automatic;
				DEVELOPMENT_TEAM = 6WA6Y7KBQJ;
				INFOPLIST_FILE = VDOTests/Info.plist;
				LD_RUNPATH_SEARCH_PATHS = (
					"$(inherited)",
					"@executable_path/Frameworks",
					"@loader_path/Frameworks",
				);
				PRODUCT_BUNDLE_IDENTIFIER = com.137frontrow.VDOTests;
				PRODUCT_NAME = "$(TARGET_NAME)";
				SWIFT_VERSION = 5.0;
				TARGETED_DEVICE_FAMILY = "1,2";
				TEST_HOST = "$(BUILT_PRODUCTS_DIR)/VDO.app/VDO";
			};
			name = Debug;
		};
		733425E9222FC5CB009B3207 /* Release */ = {
			isa = XCBuildConfiguration;
			baseConfigurationReference = DED76B6356B8419D1C8481AE /* Pods-VDOTests.release.xcconfig */;
			buildSettings = {
				ALWAYS_EMBED_SWIFT_STANDARD_LIBRARIES = YES;
				BUNDLE_LOADER = "$(TEST_HOST)";
				CODE_SIGN_STYLE = Automatic;
				DEVELOPMENT_TEAM = 6WA6Y7KBQJ;
				INFOPLIST_FILE = VDOTests/Info.plist;
				LD_RUNPATH_SEARCH_PATHS = (
					"$(inherited)",
					"@executable_path/Frameworks",
					"@loader_path/Frameworks",
				);
				PRODUCT_BUNDLE_IDENTIFIER = com.137frontrow.VDOTests;
				PRODUCT_NAME = "$(TARGET_NAME)";
				SWIFT_VERSION = 5.0;
				TARGETED_DEVICE_FAMILY = "1,2";
				TEST_HOST = "$(BUILT_PRODUCTS_DIR)/VDO.app/VDO";
			};
			name = Release;
		};
		733425EB222FC5CB009B3207 /* Debug */ = {
			isa = XCBuildConfiguration;
			baseConfigurationReference = 6F128E7F4B0B4E52D813295D /* Pods-VDOUITests.debug.xcconfig */;
			buildSettings = {
				ALWAYS_EMBED_SWIFT_STANDARD_LIBRARIES = YES;
				CODE_SIGN_STYLE = Automatic;
				DEVELOPMENT_TEAM = 6WA6Y7KBQJ;
				INFOPLIST_FILE = VDOUITests/Info.plist;
				LD_RUNPATH_SEARCH_PATHS = (
					"$(inherited)",
					"@executable_path/Frameworks",
					"@loader_path/Frameworks",
				);
				PRODUCT_BUNDLE_IDENTIFIER = com.137frontrow.VDOUITests;
				PRODUCT_NAME = "$(TARGET_NAME)";
				SWIFT_VERSION = 5.0;
				TARGETED_DEVICE_FAMILY = "1,2";
				TEST_TARGET_NAME = VDO;
			};
			name = Debug;
		};
		733425EC222FC5CB009B3207 /* Release */ = {
			isa = XCBuildConfiguration;
			baseConfigurationReference = 6ADE7FF8129130A440B0B29C /* Pods-VDOUITests.release.xcconfig */;
			buildSettings = {
				ALWAYS_EMBED_SWIFT_STANDARD_LIBRARIES = YES;
				CODE_SIGN_STYLE = Automatic;
				DEVELOPMENT_TEAM = 6WA6Y7KBQJ;
				INFOPLIST_FILE = VDOUITests/Info.plist;
				LD_RUNPATH_SEARCH_PATHS = (
					"$(inherited)",
					"@executable_path/Frameworks",
					"@loader_path/Frameworks",
				);
				PRODUCT_BUNDLE_IDENTIFIER = com.137frontrow.VDOUITests;
				PRODUCT_NAME = "$(TARGET_NAME)";
				SWIFT_VERSION = 5.0;
				TARGETED_DEVICE_FAMILY = "1,2";
				TEST_TARGET_NAME = VDO;
			};
			name = Release;
		};
/* End XCBuildConfiguration section */

/* Begin XCConfigurationList section */
		733425B7222FC5CA009B3207 /* Build configuration list for PBXProject "VDO" */ = {
			isa = XCConfigurationList;
			buildConfigurations = (
				733425E2222FC5CB009B3207 /* Debug */,
				733425E3222FC5CB009B3207 /* Release */,
			);
			defaultConfigurationIsVisible = 0;
			defaultConfigurationName = Release;
		};
		733425E4222FC5CB009B3207 /* Build configuration list for PBXNativeTarget "VDO" */ = {
			isa = XCConfigurationList;
			buildConfigurations = (
				733425E5222FC5CB009B3207 /* Debug */,
				733425E6222FC5CB009B3207 /* Release */,
			);
			defaultConfigurationIsVisible = 0;
			defaultConfigurationName = Release;
		};
		733425E7222FC5CB009B3207 /* Build configuration list for PBXNativeTarget "VDOTests" */ = {
			isa = XCConfigurationList;
			buildConfigurations = (
				733425E8222FC5CB009B3207 /* Debug */,
				733425E9222FC5CB009B3207 /* Release */,
			);
			defaultConfigurationIsVisible = 0;
			defaultConfigurationName = Release;
		};
		733425EA222FC5CB009B3207 /* Build configuration list for PBXNativeTarget "VDOUITests" */ = {
			isa = XCConfigurationList;
			buildConfigurations = (
				733425EB222FC5CB009B3207 /* Debug */,
				733425EC222FC5CB009B3207 /* Release */,
			);
			defaultConfigurationIsVisible = 0;
			defaultConfigurationName = Release;
		};
/* End XCConfigurationList section */
	};
	rootObject = 733425B4222FC5CA009B3207 /* Project object */;
}
